// !$*UTF8*$!
{
	archiveVersion = 1;
	classes = {
	};
	objectVersion = 55;
	objects = {

/* Begin PBXBuildFile section */
		9900A5AC289B98100050CE26 /* Networking.docc in Sources */ = {isa = PBXBuildFile; fileRef = 9900A5AB289B98100050CE26 /* Networking.docc */; };
		9900A5B2289B98100050CE26 /* Networking.framework in Frameworks */ = {isa = PBXBuildFile; fileRef = 9900A5A7289B98100050CE26 /* Networking.framework */; };
		9900A5B7289B98100050CE26 /* NetworkingTests.swift in Sources */ = {isa = PBXBuildFile; fileRef = 9900A5B6289B98100050CE26 /* NetworkingTests.swift */; };
		9900A5B8289B98100050CE26 /* Networking.h in Headers */ = {isa = PBXBuildFile; fileRef = 9900A5AA289B98100050CE26 /* Networking.h */; settings = {ATTRIBUTES = (Public, ); }; };
		9900A635289BA2C20050CE26 /* NetworkingFrameworkRegistration.swift in Sources */ = {isa = PBXBuildFile; fileRef = 9900A634289BA2C20050CE26 /* NetworkingFrameworkRegistration.swift */; };
		9900A638289BA32D0050CE26 /* Utilities.framework in Frameworks */ = {isa = PBXBuildFile; fileRef = 9900A637289BA32D0050CE26 /* Utilities.framework */; };
		9979D628289BC5FB008BD172 /* NetworkingType.swift in Sources */ = {isa = PBXBuildFile; fileRef = 9979D627289BC5FB008BD172 /* NetworkingType.swift */; };
		9979D62B289BC6A6008BD172 /* AuthTarget.swift in Sources */ = {isa = PBXBuildFile; fileRef = 9979D62A289BC6A6008BD172 /* AuthTarget.swift */; };
		9979D62D289BC6C6008BD172 /* AuthRepository.swift in Sources */ = {isa = PBXBuildFile; fileRef = 9979D62C289BC6C6008BD172 /* AuthRepository.swift */; };
		9979D62F289BC6F9008BD172 /* Networking.swift in Sources */ = {isa = PBXBuildFile; fileRef = 9979D62E289BC6F9008BD172 /* Networking.swift */; };
		9979D682289BC96B008BD172 /* AuthRequest.swift in Sources */ = {isa = PBXBuildFile; fileRef = 9979D681289BC96B008BD172 /* AuthRequest.swift */; };
		9979D684289BC974008BD172 /* RegisterRequest.swift in Sources */ = {isa = PBXBuildFile; fileRef = 9979D683289BC974008BD172 /* RegisterRequest.swift */; };
/* End PBXBuildFile section */

/* Begin PBXContainerItemProxy section */
		9900A5B3289B98100050CE26 /* PBXContainerItemProxy */ = {
			isa = PBXContainerItemProxy;
			containerPortal = 9900A59E289B98100050CE26 /* Project object */;
			proxyType = 1;
			remoteGlobalIDString = 9900A5A6289B98100050CE26;
			remoteInfo = Networking;
		};
/* End PBXContainerItemProxy section */

/* Begin PBXFileReference section */
		9900A5A7289B98100050CE26 /* Networking.framework */ = {isa = PBXFileReference; explicitFileType = wrapper.framework; includeInIndex = 0; path = Networking.framework; sourceTree = BUILT_PRODUCTS_DIR; };
		9900A5AA289B98100050CE26 /* Networking.h */ = {isa = PBXFileReference; lastKnownFileType = sourcecode.c.h; path = Networking.h; sourceTree = "<group>"; };
		9900A5AB289B98100050CE26 /* Networking.docc */ = {isa = PBXFileReference; lastKnownFileType = folder.documentationcatalog; path = Networking.docc; sourceTree = "<group>"; };
		9900A5B1289B98100050CE26 /* NetworkingTests.xctest */ = {isa = PBXFileReference; explicitFileType = wrapper.cfbundle; includeInIndex = 0; path = NetworkingTests.xctest; sourceTree = BUILT_PRODUCTS_DIR; };
		9900A5B6289B98100050CE26 /* NetworkingTests.swift */ = {isa = PBXFileReference; lastKnownFileType = sourcecode.swift; path = NetworkingTests.swift; sourceTree = "<group>"; };
		9900A634289BA2C20050CE26 /* NetworkingFrameworkRegistration.swift */ = {isa = PBXFileReference; lastKnownFileType = sourcecode.swift; path = NetworkingFrameworkRegistration.swift; sourceTree = "<group>"; };
		9900A637289BA32D0050CE26 /* Utilities.framework */ = {isa = PBXFileReference; explicitFileType = wrapper.framework; path = Utilities.framework; sourceTree = BUILT_PRODUCTS_DIR; };
		9979D627289BC5FB008BD172 /* NetworkingType.swift */ = {isa = PBXFileReference; lastKnownFileType = sourcecode.swift; path = NetworkingType.swift; sourceTree = "<group>"; };
		9979D62A289BC6A6008BD172 /* AuthTarget.swift */ = {isa = PBXFileReference; lastKnownFileType = sourcecode.swift; path = AuthTarget.swift; sourceTree = "<group>"; };
		9979D62C289BC6C6008BD172 /* AuthRepository.swift */ = {isa = PBXFileReference; lastKnownFileType = sourcecode.swift; path = AuthRepository.swift; sourceTree = "<group>"; };
		9979D62E289BC6F9008BD172 /* Networking.swift */ = {isa = PBXFileReference; lastKnownFileType = sourcecode.swift; path = Networking.swift; sourceTree = "<group>"; };
		9979D681289BC96B008BD172 /* AuthRequest.swift */ = {isa = PBXFileReference; lastKnownFileType = sourcecode.swift; path = AuthRequest.swift; sourceTree = "<group>"; };
		9979D683289BC974008BD172 /* RegisterRequest.swift */ = {isa = PBXFileReference; lastKnownFileType = sourcecode.swift; path = RegisterRequest.swift; sourceTree = "<group>"; };
/* End PBXFileReference section */

/* Begin PBXFrameworksBuildPhase section */
		9900A5A4289B98100050CE26 /* Frameworks */ = {
			isa = PBXFrameworksBuildPhase;
			buildActionMask = 2147483647;
			files = (
				9900A638289BA32D0050CE26 /* Utilities.framework in Frameworks */,
			);
			runOnlyForDeploymentPostprocessing = 0;
		};
		9900A5AE289B98100050CE26 /* Frameworks */ = {
			isa = PBXFrameworksBuildPhase;
			buildActionMask = 2147483647;
			files = (
				9900A5B2289B98100050CE26 /* Networking.framework in Frameworks */,
			);
			runOnlyForDeploymentPostprocessing = 0;
		};
/* End PBXFrameworksBuildPhase section */

/* Begin PBXGroup section */
		9900A59D289B98100050CE26 = {
			isa = PBXGroup;
			children = (
				9900A5A9289B98100050CE26 /* Networking */,
				9900A5B5289B98100050CE26 /* NetworkingTests */,
				9900A5A8289B98100050CE26 /* Products */,
				9900A636289BA32D0050CE26 /* Frameworks */,
			);
			sourceTree = "<group>";
		};
		9900A5A8289B98100050CE26 /* Products */ = {
			isa = PBXGroup;
			children = (
				9900A5A7289B98100050CE26 /* Networking.framework */,
				9900A5B1289B98100050CE26 /* NetworkingTests.xctest */,
			);
			name = Products;
			sourceTree = "<group>";
		};
		9900A5A9289B98100050CE26 /* Networking */ = {
			isa = PBXGroup;
			children = (
				9979D626289BC5EA008BD172 /* Networking */,
				9900A630289BA1F50050CE26 /* Injection */,
				9900A605289BA1090050CE26 /* Model */,
				9900A609289BA1250050CE26 /* Target */,
				9900A639289BA3C80050CE26 /* Repositories */,
				9900A5AA289B98100050CE26 /* Networking.h */,
				9900A5AB289B98100050CE26 /* Networking.docc */,
			);
			path = Networking;
			sourceTree = "<group>";
		};
		9900A5B5289B98100050CE26 /* NetworkingTests */ = {
			isa = PBXGroup;
			children = (
				9900A5B6289B98100050CE26 /* NetworkingTests.swift */,
			);
			path = NetworkingTests;
			sourceTree = "<group>";
		};
		9900A605289BA1090050CE26 /* Model */ = {
			isa = PBXGroup;
			children = (
				9900A608289BA11B0050CE26 /* Response */,
				9900A606289BA10E0050CE26 /* Request */,
			);
			path = Model;
			sourceTree = "<group>";
		};
		9900A606289BA10E0050CE26 /* Request */ = {
			isa = PBXGroup;
			children = (
				9979D681289BC96B008BD172 /* AuthRequest.swift */,
				9979D683289BC974008BD172 /* RegisterRequest.swift */,
			);
			path = Request;
			sourceTree = "<group>";
		};
		9900A608289BA11B0050CE26 /* Response */ = {
			isa = PBXGroup;
			children = (
			);
			path = Response;
			sourceTree = "<group>";
		};
		9900A609289BA1250050CE26 /* Target */ = {
			isa = PBXGroup;
			children = (
				9979D62A289BC6A6008BD172 /* AuthTarget.swift */,
			);
			path = Target;
			sourceTree = "<group>";
		};
		9900A630289BA1F50050CE26 /* Injection */ = {
			isa = PBXGroup;
			children = (
				9900A634289BA2C20050CE26 /* NetworkingFrameworkRegistration.swift */,
			);
			path = Injection;
			sourceTree = "<group>";
		};
		9900A636289BA32D0050CE26 /* Frameworks */ = {
			isa = PBXGroup;
			children = (
				9900A637289BA32D0050CE26 /* Utilities.framework */,
			);
			name = Frameworks;
			sourceTree = "<group>";
		};
		9900A639289BA3C80050CE26 /* Repositories */ = {
			isa = PBXGroup;
			children = (
				9979D62C289BC6C6008BD172 /* AuthRepository.swift */,
			);
			path = Repositories;
			sourceTree = "<group>";
		};
		9979D626289BC5EA008BD172 /* Networking */ = {
			isa = PBXGroup;
			children = (
				9979D627289BC5FB008BD172 /* NetworkingType.swift */,
				9979D62E289BC6F9008BD172 /* Networking.swift */,
			);
			path = Networking;
			sourceTree = "<group>";
		};
/* End PBXGroup section */

/* Begin PBXHeadersBuildPhase section */
		9900A5A2289B98100050CE26 /* Headers */ = {
			isa = PBXHeadersBuildPhase;
			buildActionMask = 2147483647;
			files = (
				9900A5B8289B98100050CE26 /* Networking.h in Headers */,
			);
			runOnlyForDeploymentPostprocessing = 0;
		};
/* End PBXHeadersBuildPhase section */

/* Begin PBXNativeTarget section */
		9900A5A6289B98100050CE26 /* Networking */ = {
			isa = PBXNativeTarget;
			buildConfigurationList = 9900A5BB289B98100050CE26 /* Build configuration list for PBXNativeTarget "Networking" */;
			buildPhases = (
				9900A5A2289B98100050CE26 /* Headers */,
				9900A5A3289B98100050CE26 /* Sources */,
				9900A5A4289B98100050CE26 /* Frameworks */,
				9900A5A5289B98100050CE26 /* Resources */,
			);
			buildRules = (
			);
			dependencies = (
			);
			name = Networking;
			productName = Networking;
			productReference = 9900A5A7289B98100050CE26 /* Networking.framework */;
			productType = "com.apple.product-type.framework";
		};
		9900A5B0289B98100050CE26 /* NetworkingTests */ = {
			isa = PBXNativeTarget;
			buildConfigurationList = 9900A5BE289B98100050CE26 /* Build configuration list for PBXNativeTarget "NetworkingTests" */;
			buildPhases = (
				9900A5AD289B98100050CE26 /* Sources */,
				9900A5AE289B98100050CE26 /* Frameworks */,
				9900A5AF289B98100050CE26 /* Resources */,
			);
			buildRules = (
			);
			dependencies = (
				9900A5B4289B98100050CE26 /* PBXTargetDependency */,
			);
			name = NetworkingTests;
			productName = NetworkingTests;
			productReference = 9900A5B1289B98100050CE26 /* NetworkingTests.xctest */;
			productType = "com.apple.product-type.bundle.unit-test";
		};
/* End PBXNativeTarget section */

/* Begin PBXProject section */
		9900A59E289B98100050CE26 /* Project object */ = {
			isa = PBXProject;
			attributes = {
				BuildIndependentTargetsInParallel = 1;
				LastSwiftUpdateCheck = 1340;
				LastUpgradeCheck = 1340;
				TargetAttributes = {
					9900A5A6289B98100050CE26 = {
						CreatedOnToolsVersion = 13.4;
					};
					9900A5B0289B98100050CE26 = {
						CreatedOnToolsVersion = 13.4;
					};
				};
			};
			buildConfigurationList = 9900A5A1289B98100050CE26 /* Build configuration list for PBXProject "Networking" */;
			compatibilityVersion = "Xcode 13.0";
			developmentRegion = en;
			hasScannedForEncodings = 0;
			knownRegions = (
				en,
				Base,
			);
			mainGroup = 9900A59D289B98100050CE26;
			productRefGroup = 9900A5A8289B98100050CE26 /* Products */;
			projectDirPath = "";
			projectRoot = "";
			targets = (
				9900A5A6289B98100050CE26 /* Networking */,
				9900A5B0289B98100050CE26 /* NetworkingTests */,
			);
		};
/* End PBXProject section */

/* Begin PBXResourcesBuildPhase section */
		9900A5A5289B98100050CE26 /* Resources */ = {
			isa = PBXResourcesBuildPhase;
			buildActionMask = 2147483647;
			files = (
			);
			runOnlyForDeploymentPostprocessing = 0;
		};
		9900A5AF289B98100050CE26 /* Resources */ = {
			isa = PBXResourcesBuildPhase;
			buildActionMask = 2147483647;
			files = (
			);
			runOnlyForDeploymentPostprocessing = 0;
		};
/* End PBXResourcesBuildPhase section */

/* Begin PBXSourcesBuildPhase section */
		9900A5A3289B98100050CE26 /* Sources */ = {
			isa = PBXSourcesBuildPhase;
			buildActionMask = 2147483647;
			files = (
				9979D628289BC5FB008BD172 /* NetworkingType.swift in Sources */,
				9979D62B289BC6A6008BD172 /* AuthTarget.swift in Sources */,
				9900A5AC289B98100050CE26 /* Networking.docc in Sources */,
				9979D62F289BC6F9008BD172 /* Networking.swift in Sources */,
				9979D62D289BC6C6008BD172 /* AuthRepository.swift in Sources */,
				9979D682289BC96B008BD172 /* AuthRequest.swift in Sources */,
				9979D684289BC974008BD172 /* RegisterRequest.swift in Sources */,
				9900A635289BA2C20050CE26 /* NetworkingFrameworkRegistration.swift in Sources */,
			);
			runOnlyForDeploymentPostprocessing = 0;
		};
		9900A5AD289B98100050CE26 /* Sources */ = {
			isa = PBXSourcesBuildPhase;
			buildActionMask = 2147483647;
			files = (
				9900A5B7289B98100050CE26 /* NetworkingTests.swift in Sources */,
			);
			runOnlyForDeploymentPostprocessing = 0;
		};
/* End PBXSourcesBuildPhase section */

/* Begin PBXTargetDependency section */
		9900A5B4289B98100050CE26 /* PBXTargetDependency */ = {
			isa = PBXTargetDependency;
			target = 9900A5A6289B98100050CE26 /* Networking */;
			targetProxy = 9900A5B3289B98100050CE26 /* PBXContainerItemProxy */;
		};
/* End PBXTargetDependency section */

/* Begin XCBuildConfiguration section */
		9900A5B9289B98100050CE26 /* Debug */ = {
			isa = XCBuildConfiguration;
			buildSettings = {
				ALWAYS_SEARCH_USER_PATHS = NO;
				CLANG_ANALYZER_NONNULL = YES;
				CLANG_ANALYZER_NUMBER_OBJECT_CONVERSION = YES_AGGRESSIVE;
				CLANG_CXX_LANGUAGE_STANDARD = "gnu++17";
				CLANG_ENABLE_MODULES = YES;
				CLANG_ENABLE_OBJC_ARC = YES;
				CLANG_ENABLE_OBJC_WEAK = YES;
				CLANG_WARN_BLOCK_CAPTURE_AUTORELEASING = YES;
				CLANG_WARN_BOOL_CONVERSION = YES;
				CLANG_WARN_COMMA = YES;
				CLANG_WARN_CONSTANT_CONVERSION = YES;
				CLANG_WARN_DEPRECATED_OBJC_IMPLEMENTATIONS = YES;
				CLANG_WARN_DIRECT_OBJC_ISA_USAGE = YES_ERROR;
				CLANG_WARN_DOCUMENTATION_COMMENTS = YES;
				CLANG_WARN_EMPTY_BODY = YES;
				CLANG_WARN_ENUM_CONVERSION = YES;
				CLANG_WARN_INFINITE_RECURSION = YES;
				CLANG_WARN_INT_CONVERSION = YES;
				CLANG_WARN_NON_LITERAL_NULL_CONVERSION = YES;
				CLANG_WARN_OBJC_IMPLICIT_RETAIN_SELF = YES;
				CLANG_WARN_OBJC_LITERAL_CONVERSION = YES;
				CLANG_WARN_OBJC_ROOT_CLASS = YES_ERROR;
				CLANG_WARN_QUOTED_INCLUDE_IN_FRAMEWORK_HEADER = YES;
				CLANG_WARN_RANGE_LOOP_ANALYSIS = YES;
				CLANG_WARN_STRICT_PROTOTYPES = YES;
				CLANG_WARN_SUSPICIOUS_MOVE = YES;
				CLANG_WARN_UNGUARDED_AVAILABILITY = YES_AGGRESSIVE;
				CLANG_WARN_UNREACHABLE_CODE = YES;
				CLANG_WARN__DUPLICATE_METHOD_MATCH = YES;
				COPY_PHASE_STRIP = NO;
				CURRENT_PROJECT_VERSION = 1;
				DEBUG_INFORMATION_FORMAT = dwarf;
				ENABLE_STRICT_OBJC_MSGSEND = YES;
				ENABLE_TESTABILITY = YES;
				GCC_C_LANGUAGE_STANDARD = gnu11;
				GCC_DYNAMIC_NO_PIC = NO;
				GCC_NO_COMMON_BLOCKS = YES;
				GCC_OPTIMIZATION_LEVEL = 0;
				GCC_PREPROCESSOR_DEFINITIONS = (
					"DEBUG=1",
					"$(inherited)",
				);
				GCC_WARN_64_TO_32_BIT_CONVERSION = YES;
				GCC_WARN_ABOUT_RETURN_TYPE = YES_ERROR;
				GCC_WARN_UNDECLARED_SELECTOR = YES;
				GCC_WARN_UNINITIALIZED_AUTOS = YES_AGGRESSIVE;
				GCC_WARN_UNUSED_FUNCTION = YES;
				GCC_WARN_UNUSED_VARIABLE = YES;
				IPHONEOS_DEPLOYMENT_TARGET = 15.5;
				MTL_ENABLE_DEBUG_INFO = INCLUDE_SOURCE;
				MTL_FAST_MATH = YES;
				ONLY_ACTIVE_ARCH = YES;
				SDKROOT = iphoneos;
				SWIFT_ACTIVE_COMPILATION_CONDITIONS = DEBUG;
				SWIFT_OPTIMIZATION_LEVEL = "-Onone";
				VERSIONING_SYSTEM = "apple-generic";
				VERSION_INFO_PREFIX = "";
			};
			name = Debug;
		};
		9900A5BA289B98100050CE26 /* Release */ = {
			isa = XCBuildConfiguration;
			buildSettings = {
				ALWAYS_SEARCH_USER_PATHS = NO;
				CLANG_ANALYZER_NONNULL = YES;
				CLANG_ANALYZER_NUMBER_OBJECT_CONVERSION = YES_AGGRESSIVE;
				CLANG_CXX_LANGUAGE_STANDARD = "gnu++17";
				CLANG_ENABLE_MODULES = YES;
				CLANG_ENABLE_OBJC_ARC = YES;
				CLANG_ENABLE_OBJC_WEAK = YES;
				CLANG_WARN_BLOCK_CAPTURE_AUTORELEASING = YES;
				CLANG_WARN_BOOL_CONVERSION = YES;
				CLANG_WARN_COMMA = YES;
				CLANG_WARN_CONSTANT_CONVERSION = YES;
				CLANG_WARN_DEPRECATED_OBJC_IMPLEMENTATIONS = YES;
				CLANG_WARN_DIRECT_OBJC_ISA_USAGE = YES_ERROR;
				CLANG_WARN_DOCUMENTATION_COMMENTS = YES;
				CLANG_WARN_EMPTY_BODY = YES;
				CLANG_WARN_ENUM_CONVERSION = YES;
				CLANG_WARN_INFINITE_RECURSION = YES;
				CLANG_WARN_INT_CONVERSION = YES;
				CLANG_WARN_NON_LITERAL_NULL_CONVERSION = YES;
				CLANG_WARN_OBJC_IMPLICIT_RETAIN_SELF = YES;
				CLANG_WARN_OBJC_LITERAL_CONVERSION = YES;
				CLANG_WARN_OBJC_ROOT_CLASS = YES_ERROR;
				CLANG_WARN_QUOTED_INCLUDE_IN_FRAMEWORK_HEADER = YES;
				CLANG_WARN_RANGE_LOOP_ANALYSIS = YES;
				CLANG_WARN_STRICT_PROTOTYPES = YES;
				CLANG_WARN_SUSPICIOUS_MOVE = YES;
				CLANG_WARN_UNGUARDED_AVAILABILITY = YES_AGGRESSIVE;
				CLANG_WARN_UNREACHABLE_CODE = YES;
				CLANG_WARN__DUPLICATE_METHOD_MATCH = YES;
				COPY_PHASE_STRIP = NO;
				CURRENT_PROJECT_VERSION = 1;
				DEBUG_INFORMATION_FORMAT = "dwarf-with-dsym";
				ENABLE_NS_ASSERTIONS = NO;
				ENABLE_STRICT_OBJC_MSGSEND = YES;
				GCC_C_LANGUAGE_STANDARD = gnu11;
				GCC_NO_COMMON_BLOCKS = YES;
				GCC_WARN_64_TO_32_BIT_CONVERSION = YES;
				GCC_WARN_ABOUT_RETURN_TYPE = YES_ERROR;
				GCC_WARN_UNDECLARED_SELECTOR = YES;
				GCC_WARN_UNINITIALIZED_AUTOS = YES_AGGRESSIVE;
				GCC_WARN_UNUSED_FUNCTION = YES;
				GCC_WARN_UNUSED_VARIABLE = YES;
				IPHONEOS_DEPLOYMENT_TARGET = 15.5;
				MTL_ENABLE_DEBUG_INFO = NO;
				MTL_FAST_MATH = YES;
				SDKROOT = iphoneos;
				SWIFT_COMPILATION_MODE = wholemodule;
				SWIFT_OPTIMIZATION_LEVEL = "-O";
				VALIDATE_PRODUCT = YES;
				VERSIONING_SYSTEM = "apple-generic";
				VERSION_INFO_PREFIX = "";
			};
			name = Release;
		};
		9900A5BC289B98100050CE26 /* Debug */ = {
			isa = XCBuildConfiguration;
			buildSettings = {
				CODE_SIGN_STYLE = Automatic;
				CURRENT_PROJECT_VERSION = 1;
				DEFINES_MODULE = YES;
				DEVELOPMENT_TEAM = C7L2AL6Q55;
				DYLIB_COMPATIBILITY_VERSION = 1;
				DYLIB_CURRENT_VERSION = 1;
				DYLIB_INSTALL_NAME_BASE = "@rpath";
				GENERATE_INFOPLIST_FILE = YES;
				INFOPLIST_KEY_NSHumanReadableCopyright = "";
				INSTALL_PATH = "$(LOCAL_LIBRARY_DIR)/Frameworks";
				IPHONEOS_DEPLOYMENT_TARGET = 13.0;
				LD_RUNPATH_SEARCH_PATHS = (
					"$(inherited)",
					"@executable_path/Frameworks",
					"@loader_path/Frameworks",
				);
				MARKETING_VERSION = 1.0;
				PRODUCT_BUNDLE_IDENTIFIER = novikovandrey2000.Networking;
				PRODUCT_NAME = "$(TARGET_NAME:c99extidentifier)";
				SKIP_INSTALL = YES;
				SUPPORTS_MACCATALYST = NO;
				SWIFT_EMIT_LOC_STRINGS = YES;
				SWIFT_VERSION = 5.0;
				TARGETED_DEVICE_FAMILY = 1;
			};
			name = Debug;
		};
		9900A5BD289B98100050CE26 /* Release */ = {
			isa = XCBuildConfiguration;
			buildSettings = {
				CODE_SIGN_STYLE = Automatic;
				CURRENT_PROJECT_VERSION = 1;
				DEFINES_MODULE = YES;
				DEVELOPMENT_TEAM = C7L2AL6Q55;
				DYLIB_COMPATIBILITY_VERSION = 1;
				DYLIB_CURRENT_VERSION = 1;
				DYLIB_INSTALL_NAME_BASE = "@rpath";
				GENERATE_INFOPLIST_FILE = YES;
				INFOPLIST_KEY_NSHumanReadableCopyright = "";
				INSTALL_PATH = "$(LOCAL_LIBRARY_DIR)/Frameworks";
				IPHONEOS_DEPLOYMENT_TARGET = 13.0;
				LD_RUNPATH_SEARCH_PATHS = (
					"$(inherited)",
					"@executable_path/Frameworks",
					"@loader_path/Frameworks",
				);
				MARKETING_VERSION = 1.0;
				PRODUCT_BUNDLE_IDENTIFIER = novikovandrey2000.Networking;
				PRODUCT_NAME = "$(TARGET_NAME:c99extidentifier)";
				SKIP_INSTALL = YES;
				SUPPORTS_MACCATALYST = NO;
				SWIFT_EMIT_LOC_STRINGS = YES;
				SWIFT_VERSION = 5.0;
				TARGETED_DEVICE_FAMILY = 1;
			};
			name = Release;
		};
		9900A5BF289B98100050CE26 /* Debug */ = {
			isa = XCBuildConfiguration;
			buildSettings = {
				ALWAYS_EMBED_SWIFT_STANDARD_LIBRARIES = YES;
				CODE_SIGN_STYLE = Automatic;
				CURRENT_PROJECT_VERSION = 1;
				DEVELOPMENT_TEAM = C7L2AL6Q55;
				GENERATE_INFOPLIST_FILE = YES;
				MARKETING_VERSION = 1.0;
				PRODUCT_BUNDLE_IDENTIFIER = novikovandrey2000.NetworkingTests;
				PRODUCT_NAME = "$(TARGET_NAME)";
				SWIFT_EMIT_LOC_STRINGS = NO;
				SWIFT_VERSION = 5.0;
				TARGETED_DEVICE_FAMILY = "1,2";
			};
			name = Debug;
		};
		9900A5C0289B98100050CE26 /* Release */ = {
			isa = XCBuildConfiguration;
			buildSettings = {
				ALWAYS_EMBED_SWIFT_STANDARD_LIBRARIES = YES;
				CODE_SIGN_STYLE = Automatic;
				CURRENT_PROJECT_VERSION = 1;
				DEVELOPMENT_TEAM = C7L2AL6Q55;
				GENERATE_INFOPLIST_FILE = YES;
				MARKETING_VERSION = 1.0;
				PRODUCT_BUNDLE_IDENTIFIER = novikovandrey2000.NetworkingTests;
				PRODUCT_NAME = "$(TARGET_NAME)";
				SWIFT_EMIT_LOC_STRINGS = NO;
				SWIFT_VERSION = 5.0;
				TARGETED_DEVICE_FAMILY = "1,2";
			};
			name = Release;
		};
/* End XCBuildConfiguration section */

/* Begin XCConfigurationList section */
		9900A5A1289B98100050CE26 /* Build configuration list for PBXProject "Networking" */ = {
			isa = XCConfigurationList;
			buildConfigurations = (
				9900A5B9289B98100050CE26 /* Debug */,
				9900A5BA289B98100050CE26 /* Release */,
			);
			defaultConfigurationIsVisible = 0;
			defaultConfigurationName = Release;
		};
		9900A5BB289B98100050CE26 /* Build configuration list for PBXNativeTarget "Networking" */ = {
			isa = XCConfigurationList;
			buildConfigurations = (
				9900A5BC289B98100050CE26 /* Debug */,
				9900A5BD289B98100050CE26 /* Release */,
			);
			defaultConfigurationIsVisible = 0;
			defaultConfigurationName = Release;
		};
		9900A5BE289B98100050CE26 /* Build configuration list for PBXNativeTarget "NetworkingTests" */ = {
			isa = XCConfigurationList;
			buildConfigurations = (
				9900A5BF289B98100050CE26 /* Debug */,
				9900A5C0289B98100050CE26 /* Release */,
			);
			defaultConfigurationIsVisible = 0;
			defaultConfigurationName = Release;
		};
/* End XCConfigurationList section */
	};
	rootObject = 9900A59E289B98100050CE26 /* Project object */;
}
