// !$*UTF8*$!
{
	archiveVersion = 1;
	classes = {
	};
	objectVersion = 55;
	objects = {

/* Begin PBXBuildFile section */
		99662E0B28A0E530001F087A /* Swinject.xcframework in Frameworks */ = {isa = PBXBuildFile; fileRef = 99662E0A28A0E530001F087A /* Swinject.xcframework */; };
		99662E0C28A0E531001F087A /* Swinject.xcframework in Embed Frameworks */ = {isa = PBXBuildFile; fileRef = 99662E0A28A0E530001F087A /* Swinject.xcframework */; settings = {ATTRIBUTES = (CodeSignOnCopy, RemoveHeadersOnCopy, ); }; };
		9979D663289BC7B9008BD172 /* Auth.docc in Sources */ = {isa = PBXBuildFile; fileRef = 9979D662289BC7B9008BD172 /* Auth.docc */; };
		9979D669289BC7B9008BD172 /* Auth.framework in Frameworks */ = {isa = PBXBuildFile; fileRef = 9979D65E289BC7B9008BD172 /* Auth.framework */; };
		9979D66E289BC7B9008BD172 /* AuthTests.swift in Sources */ = {isa = PBXBuildFile; fileRef = 9979D66D289BC7B9008BD172 /* AuthTests.swift */; };
		9979D66F289BC7B9008BD172 /* Auth.h in Headers */ = {isa = PBXBuildFile; fileRef = 9979D661289BC7B9008BD172 /* Auth.h */; settings = {ATTRIBUTES = (Public, ); }; };
		9979D67D289BC81C008BD172 /* AuthFrameworkRegistration.swift in Sources */ = {isa = PBXBuildFile; fileRef = 9979D67C289BC81C008BD172 /* AuthFrameworkRegistration.swift */; };
		9979D680289BC84F008BD172 /* Utilities.framework in Frameworks */ = {isa = PBXBuildFile; fileRef = 9979D67F289BC84F008BD172 /* Utilities.framework */; };
/* End PBXBuildFile section */

/* Begin PBXContainerItemProxy section */
		9979D66A289BC7B9008BD172 /* PBXContainerItemProxy */ = {
			isa = PBXContainerItemProxy;
			containerPortal = 9979D655289BC7B9008BD172 /* Project object */;
			proxyType = 1;
			remoteGlobalIDString = 9979D65D289BC7B9008BD172;
			remoteInfo = Auth;
		};
/* End PBXContainerItemProxy section */

/* Begin PBXCopyFilesBuildPhase section */
		99662E0D28A0E531001F087A /* Embed Frameworks */ = {
			isa = PBXCopyFilesBuildPhase;
			buildActionMask = 2147483647;
			dstPath = "";
			dstSubfolderSpec = 10;
			files = (
				99662E0C28A0E531001F087A /* Swinject.xcframework in Embed Frameworks */,
			);
			name = "Embed Frameworks";
			runOnlyForDeploymentPostprocessing = 0;
		};
/* End PBXCopyFilesBuildPhase section */

/* Begin PBXFileReference section */
		99662E0A28A0E530001F087A /* Swinject.xcframework */ = {isa = PBXFileReference; lastKnownFileType = wrapper.xcframework; name = Swinject.xcframework; path = ../Carthage/Build/Swinject.xcframework; sourceTree = "<group>"; };
		9979D65E289BC7B9008BD172 /* Auth.framework */ = {isa = PBXFileReference; explicitFileType = wrapper.framework; includeInIndex = 0; path = Auth.framework; sourceTree = BUILT_PRODUCTS_DIR; };
		9979D661289BC7B9008BD172 /* Auth.h */ = {isa = PBXFileReference; lastKnownFileType = sourcecode.c.h; path = Auth.h; sourceTree = "<group>"; };
		9979D662289BC7B9008BD172 /* Auth.docc */ = {isa = PBXFileReference; lastKnownFileType = folder.documentationcatalog; path = Auth.docc; sourceTree = "<group>"; };
		9979D668289BC7B9008BD172 /* AuthTests.xctest */ = {isa = PBXFileReference; explicitFileType = wrapper.cfbundle; includeInIndex = 0; path = AuthTests.xctest; sourceTree = BUILT_PRODUCTS_DIR; };
		9979D66D289BC7B9008BD172 /* AuthTests.swift */ = {isa = PBXFileReference; lastKnownFileType = sourcecode.swift; path = AuthTests.swift; sourceTree = "<group>"; };
		9979D67C289BC81C008BD172 /* AuthFrameworkRegistration.swift */ = {isa = PBXFileReference; lastKnownFileType = sourcecode.swift; path = AuthFrameworkRegistration.swift; sourceTree = "<group>"; };
		9979D67F289BC84F008BD172 /* Utilities.framework */ = {isa = PBXFileReference; explicitFileType = wrapper.framework; path = Utilities.framework; sourceTree = BUILT_PRODUCTS_DIR; };
/* End PBXFileReference section */

/* Begin PBXFrameworksBuildPhase section */
		9979D65B289BC7B9008BD172 /* Frameworks */ = {
			isa = PBXFrameworksBuildPhase;
			buildActionMask = 2147483647;
			files = (
				99662E0B28A0E530001F087A /* Swinject.xcframework in Frameworks */,
				9979D680289BC84F008BD172 /* Utilities.framework in Frameworks */,
			);
			runOnlyForDeploymentPostprocessing = 0;
		};
		9979D665289BC7B9008BD172 /* Frameworks */ = {
			isa = PBXFrameworksBuildPhase;
			buildActionMask = 2147483647;
			files = (
				9979D669289BC7B9008BD172 /* Auth.framework in Frameworks */,
			);
			runOnlyForDeploymentPostprocessing = 0;
		};
/* End PBXFrameworksBuildPhase section */

/* Begin PBXGroup section */
		9979D654289BC7B9008BD172 = {
			isa = PBXGroup;
			children = (
				9979D660289BC7B9008BD172 /* Auth */,
				9979D66C289BC7B9008BD172 /* AuthTests */,
				9979D65F289BC7B9008BD172 /* Products */,
				9979D67E289BC84F008BD172 /* Frameworks */,
			);
			sourceTree = "<group>";
		};
		9979D65F289BC7B9008BD172 /* Products */ = {
			isa = PBXGroup;
			children = (
				9979D65E289BC7B9008BD172 /* Auth.framework */,
				9979D668289BC7B9008BD172 /* AuthTests.xctest */,
			);
			name = Products;
			sourceTree = "<group>";
		};
		9979D660289BC7B9008BD172 /* Auth */ = {
			isa = PBXGroup;
			children = (
				9979D67B289BC7F8008BD172 /* injection */,
				9979D67A289BC7DB008BD172 /* Modules */,
				9979D661289BC7B9008BD172 /* Auth.h */,
				9979D662289BC7B9008BD172 /* Auth.docc */,
			);
			path = Auth;
			sourceTree = "<group>";
		};
		9979D66C289BC7B9008BD172 /* AuthTests */ = {
			isa = PBXGroup;
			children = (
				9979D66D289BC7B9008BD172 /* AuthTests.swift */,
			);
			path = AuthTests;
			sourceTree = "<group>";
		};
		9979D67A289BC7DB008BD172 /* Modules */ = {
			isa = PBXGroup;
			children = (
			);
			path = Modules;
			sourceTree = "<group>";
		};
		9979D67B289BC7F8008BD172 /* injection */ = {
			isa = PBXGroup;
			children = (
				9979D67C289BC81C008BD172 /* AuthFrameworkRegistration.swift */,
			);
			path = injection;
			sourceTree = "<group>";
		};
		9979D67E289BC84F008BD172 /* Frameworks */ = {
			isa = PBXGroup;
			children = (
				99662E0A28A0E530001F087A /* Swinject.xcframework */,
				9979D67F289BC84F008BD172 /* Utilities.framework */,
			);
			name = Frameworks;
			sourceTree = "<group>";
		};
/* End PBXGroup section */

/* Begin PBXHeadersBuildPhase section */
		9979D659289BC7B9008BD172 /* Headers */ = {
			isa = PBXHeadersBuildPhase;
			buildActionMask = 2147483647;
			files = (
				9979D66F289BC7B9008BD172 /* Auth.h in Headers */,
			);
			runOnlyForDeploymentPostprocessing = 0;
		};
/* End PBXHeadersBuildPhase section */

/* Begin PBXNativeTarget section */
		9979D65D289BC7B9008BD172 /* Auth */ = {
			isa = PBXNativeTarget;
			buildConfigurationList = 9979D672289BC7B9008BD172 /* Build configuration list for PBXNativeTarget "Auth" */;
			buildPhases = (
				9979D659289BC7B9008BD172 /* Headers */,
				9979D65A289BC7B9008BD172 /* Sources */,
				9979D65B289BC7B9008BD172 /* Frameworks */,
				9979D65C289BC7B9008BD172 /* Resources */,
				99662E0D28A0E531001F087A /* Embed Frameworks */,
			);
			buildRules = (
			);
			dependencies = (
			);
			name = Auth;
			productName = Auth;
			productReference = 9979D65E289BC7B9008BD172 /* Auth.framework */;
			productType = "com.apple.product-type.framework";
		};
		9979D667289BC7B9008BD172 /* AuthTests */ = {
			isa = PBXNativeTarget;
			buildConfigurationList = 9979D675289BC7B9008BD172 /* Build configuration list for PBXNativeTarget "AuthTests" */;
			buildPhases = (
				9979D664289BC7B9008BD172 /* Sources */,
				9979D665289BC7B9008BD172 /* Frameworks */,
				9979D666289BC7B9008BD172 /* Resources */,
			);
			buildRules = (
			);
			dependencies = (
				9979D66B289BC7B9008BD172 /* PBXTargetDependency */,
			);
			name = AuthTests;
			productName = AuthTests;
			productReference = 9979D668289BC7B9008BD172 /* AuthTests.xctest */;
			productType = "com.apple.product-type.bundle.unit-test";
		};
/* End PBXNativeTarget section */

/* Begin PBXProject section */
		9979D655289BC7B9008BD172 /* Project object */ = {
			isa = PBXProject;
			attributes = {
				BuildIndependentTargetsInParallel = 1;
				LastSwiftUpdateCheck = 1340;
				LastUpgradeCheck = 1340;
				TargetAttributes = {
					9979D65D289BC7B9008BD172 = {
						CreatedOnToolsVersion = 13.4;
					};
					9979D667289BC7B9008BD172 = {
						CreatedOnToolsVersion = 13.4;
					};
				};
			};
			buildConfigurationList = 9979D658289BC7B9008BD172 /* Build configuration list for PBXProject "Auth" */;
			compatibilityVersion = "Xcode 13.0";
			developmentRegion = en;
			hasScannedForEncodings = 0;
			knownRegions = (
				en,
				Base,
			);
			mainGroup = 9979D654289BC7B9008BD172;
			productRefGroup = 9979D65F289BC7B9008BD172 /* Products */;
			projectDirPath = "";
			projectRoot = "";
			targets = (
				9979D65D289BC7B9008BD172 /* Auth */,
				9979D667289BC7B9008BD172 /* AuthTests */,
			);
		};
/* End PBXProject section */

/* Begin PBXResourcesBuildPhase section */
		9979D65C289BC7B9008BD172 /* Resources */ = {
			isa = PBXResourcesBuildPhase;
			buildActionMask = 2147483647;
			files = (
			);
			runOnlyForDeploymentPostprocessing = 0;
		};
		9979D666289BC7B9008BD172 /* Resources */ = {
			isa = PBXResourcesBuildPhase;
			buildActionMask = 2147483647;
			files = (
			);
			runOnlyForDeploymentPostprocessing = 0;
		};
/* End PBXResourcesBuildPhase section */

/* Begin PBXSourcesBuildPhase section */
		9979D65A289BC7B9008BD172 /* Sources */ = {
			isa = PBXSourcesBuildPhase;
			buildActionMask = 2147483647;
			files = (
				9979D663289BC7B9008BD172 /* Auth.docc in Sources */,
				9979D67D289BC81C008BD172 /* AuthFrameworkRegistration.swift in Sources */,
			);
			runOnlyForDeploymentPostprocessing = 0;
		};
		9979D664289BC7B9008BD172 /* Sources */ = {
			isa = PBXSourcesBuildPhase;
			buildActionMask = 2147483647;
			files = (
				9979D66E289BC7B9008BD172 /* AuthTests.swift in Sources */,
			);
			runOnlyForDeploymentPostprocessing = 0;
		};
/* End PBXSourcesBuildPhase section */

/* Begin PBXTargetDependency section */
		9979D66B289BC7B9008BD172 /* PBXTargetDependency */ = {
			isa = PBXTargetDependency;
			target = 9979D65D289BC7B9008BD172 /* Auth */;
			targetProxy = 9979D66A289BC7B9008BD172 /* PBXContainerItemProxy */;
		};
/* End PBXTargetDependency section */

/* Begin XCBuildConfiguration section */
		9979D670289BC7B9008BD172 /* Debug */ = {
			isa = XCBuildConfiguration;
			buildSettings = {
				ALWAYS_SEARCH_USER_PATHS = NO;
				CLANG_ANALYZER_NONNULL = YES;
				CLANG_ANALYZER_NUMBER_OBJECT_CONVERSION = YES_AGGRESSIVE;
				CLANG_CXX_LANGUAGE_STANDARD = "gnu++17";
				CLANG_ENABLE_MODULES = YES;
				CLANG_ENABLE_OBJC_ARC = YES;
				CLANG_ENABLE_OBJC_WEAK = YES;
				CLANG_WARN_BLOCK_CAPTURE_AUTORELEASING = YES;
				CLANG_WARN_BOOL_CONVERSION = YES;
				CLANG_WARN_COMMA = YES;
				CLANG_WARN_CONSTANT_CONVERSION = YES;
				CLANG_WARN_DEPRECATED_OBJC_IMPLEMENTATIONS = YES;
				CLANG_WARN_DIRECT_OBJC_ISA_USAGE = YES_ERROR;
				CLANG_WARN_DOCUMENTATION_COMMENTS = YES;
				CLANG_WARN_EMPTY_BODY = YES;
				CLANG_WARN_ENUM_CONVERSION = YES;
				CLANG_WARN_INFINITE_RECURSION = YES;
				CLANG_WARN_INT_CONVERSION = YES;
				CLANG_WARN_NON_LITERAL_NULL_CONVERSION = YES;
				CLANG_WARN_OBJC_IMPLICIT_RETAIN_SELF = YES;
				CLANG_WARN_OBJC_LITERAL_CONVERSION = YES;
				CLANG_WARN_OBJC_ROOT_CLASS = YES_ERROR;
				CLANG_WARN_QUOTED_INCLUDE_IN_FRAMEWORK_HEADER = YES;
				CLANG_WARN_RANGE_LOOP_ANALYSIS = YES;
				CLANG_WARN_STRICT_PROTOTYPES = YES;
				CLANG_WARN_SUSPICIOUS_MOVE = YES;
				CLANG_WARN_UNGUARDED_AVAILABILITY = YES_AGGRESSIVE;
				CLANG_WARN_UNREACHABLE_CODE = YES;
				CLANG_WARN__DUPLICATE_METHOD_MATCH = YES;
				COPY_PHASE_STRIP = NO;
				CURRENT_PROJECT_VERSION = 1;
				DEBUG_INFORMATION_FORMAT = dwarf;
				ENABLE_STRICT_OBJC_MSGSEND = YES;
				ENABLE_TESTABILITY = YES;
				GCC_C_LANGUAGE_STANDARD = gnu11;
				GCC_DYNAMIC_NO_PIC = NO;
				GCC_NO_COMMON_BLOCKS = YES;
				GCC_OPTIMIZATION_LEVEL = 0;
				GCC_PREPROCESSOR_DEFINITIONS = (
					"DEBUG=1",
					"$(inherited)",
				);
				GCC_WARN_64_TO_32_BIT_CONVERSION = YES;
				GCC_WARN_ABOUT_RETURN_TYPE = YES_ERROR;
				GCC_WARN_UNDECLARED_SELECTOR = YES;
				GCC_WARN_UNINITIALIZED_AUTOS = YES_AGGRESSIVE;
				GCC_WARN_UNUSED_FUNCTION = YES;
				GCC_WARN_UNUSED_VARIABLE = YES;
				IPHONEOS_DEPLOYMENT_TARGET = 15.5;
				MTL_ENABLE_DEBUG_INFO = INCLUDE_SOURCE;
				MTL_FAST_MATH = YES;
				ONLY_ACTIVE_ARCH = YES;
				SDKROOT = iphoneos;
				SWIFT_ACTIVE_COMPILATION_CONDITIONS = DEBUG;
				SWIFT_OPTIMIZATION_LEVEL = "-Onone";
				VERSIONING_SYSTEM = "apple-generic";
				VERSION_INFO_PREFIX = "";
			};
			name = Debug;
		};
		9979D671289BC7B9008BD172 /* Release */ = {
			isa = XCBuildConfiguration;
			buildSettings = {
				ALWAYS_SEARCH_USER_PATHS = NO;
				CLANG_ANALYZER_NONNULL = YES;
				CLANG_ANALYZER_NUMBER_OBJECT_CONVERSION = YES_AGGRESSIVE;
				CLANG_CXX_LANGUAGE_STANDARD = "gnu++17";
				CLANG_ENABLE_MODULES = YES;
				CLANG_ENABLE_OBJC_ARC = YES;
				CLANG_ENABLE_OBJC_WEAK = YES;
				CLANG_WARN_BLOCK_CAPTURE_AUTORELEASING = YES;
				CLANG_WARN_BOOL_CONVERSION = YES;
				CLANG_WARN_COMMA = YES;
				CLANG_WARN_CONSTANT_CONVERSION = YES;
				CLANG_WARN_DEPRECATED_OBJC_IMPLEMENTATIONS = YES;
				CLANG_WARN_DIRECT_OBJC_ISA_USAGE = YES_ERROR;
				CLANG_WARN_DOCUMENTATION_COMMENTS = YES;
				CLANG_WARN_EMPTY_BODY = YES;
				CLANG_WARN_ENUM_CONVERSION = YES;
				CLANG_WARN_INFINITE_RECURSION = YES;
				CLANG_WARN_INT_CONVERSION = YES;
				CLANG_WARN_NON_LITERAL_NULL_CONVERSION = YES;
				CLANG_WARN_OBJC_IMPLICIT_RETAIN_SELF = YES;
				CLANG_WARN_OBJC_LITERAL_CONVERSION = YES;
				CLANG_WARN_OBJC_ROOT_CLASS = YES_ERROR;
				CLANG_WARN_QUOTED_INCLUDE_IN_FRAMEWORK_HEADER = YES;
				CLANG_WARN_RANGE_LOOP_ANALYSIS = YES;
				CLANG_WARN_STRICT_PROTOTYPES = YES;
				CLANG_WARN_SUSPICIOUS_MOVE = YES;
				CLANG_WARN_UNGUARDED_AVAILABILITY = YES_AGGRESSIVE;
				CLANG_WARN_UNREACHABLE_CODE = YES;
				CLANG_WARN__DUPLICATE_METHOD_MATCH = YES;
				COPY_PHASE_STRIP = NO;
				CURRENT_PROJECT_VERSION = 1;
				DEBUG_INFORMATION_FORMAT = "dwarf-with-dsym";
				ENABLE_NS_ASSERTIONS = NO;
				ENABLE_STRICT_OBJC_MSGSEND = YES;
				GCC_C_LANGUAGE_STANDARD = gnu11;
				GCC_NO_COMMON_BLOCKS = YES;
				GCC_WARN_64_TO_32_BIT_CONVERSION = YES;
				GCC_WARN_ABOUT_RETURN_TYPE = YES_ERROR;
				GCC_WARN_UNDECLARED_SELECTOR = YES;
				GCC_WARN_UNINITIALIZED_AUTOS = YES_AGGRESSIVE;
				GCC_WARN_UNUSED_FUNCTION = YES;
				GCC_WARN_UNUSED_VARIABLE = YES;
				IPHONEOS_DEPLOYMENT_TARGET = 15.5;
				MTL_ENABLE_DEBUG_INFO = NO;
				MTL_FAST_MATH = YES;
				SDKROOT = iphoneos;
				SWIFT_COMPILATION_MODE = wholemodule;
				SWIFT_OPTIMIZATION_LEVEL = "-O";
				VALIDATE_PRODUCT = YES;
				VERSIONING_SYSTEM = "apple-generic";
				VERSION_INFO_PREFIX = "";
			};
			name = Release;
		};
		9979D673289BC7B9008BD172 /* Debug */ = {
			isa = XCBuildConfiguration;
			buildSettings = {
				CODE_SIGN_STYLE = Automatic;
				CURRENT_PROJECT_VERSION = 1;
				DEFINES_MODULE = YES;
				DEVELOPMENT_TEAM = C7L2AL6Q55;
				DYLIB_COMPATIBILITY_VERSION = 1;
				DYLIB_CURRENT_VERSION = 1;
				DYLIB_INSTALL_NAME_BASE = "@rpath";
				GENERATE_INFOPLIST_FILE = YES;
				INFOPLIST_KEY_NSHumanReadableCopyright = "";
				INSTALL_PATH = "$(LOCAL_LIBRARY_DIR)/Frameworks";
				IPHONEOS_DEPLOYMENT_TARGET = 13.0;
				LD_RUNPATH_SEARCH_PATHS = (
					"$(inherited)",
					"@executable_path/Frameworks",
					"@loader_path/Frameworks",
				);
				MARKETING_VERSION = 1.0;
				PRODUCT_BUNDLE_IDENTIFIER = novikovandrey2000.Auth;
				PRODUCT_NAME = "$(TARGET_NAME:c99extidentifier)";
				SKIP_INSTALL = YES;
				SUPPORTS_MACCATALYST = NO;
				SWIFT_EMIT_LOC_STRINGS = YES;
				SWIFT_VERSION = 5.0;
				TARGETED_DEVICE_FAMILY = 1;
			};
			name = Debug;
		};
		9979D674289BC7B9008BD172 /* Release */ = {
			isa = XCBuildConfiguration;
			buildSettings = {
				CODE_SIGN_STYLE = Automatic;
				CURRENT_PROJECT_VERSION = 1;
				DEFINES_MODULE = YES;
				DEVELOPMENT_TEAM = C7L2AL6Q55;
				DYLIB_COMPATIBILITY_VERSION = 1;
				DYLIB_CURRENT_VERSION = 1;
				DYLIB_INSTALL_NAME_BASE = "@rpath";
				GENERATE_INFOPLIST_FILE = YES;
				INFOPLIST_KEY_NSHumanReadableCopyright = "";
				INSTALL_PATH = "$(LOCAL_LIBRARY_DIR)/Frameworks";
				IPHONEOS_DEPLOYMENT_TARGET = 13.0;
				LD_RUNPATH_SEARCH_PATHS = (
					"$(inherited)",
					"@executable_path/Frameworks",
					"@loader_path/Frameworks",
				);
				MARKETING_VERSION = 1.0;
				PRODUCT_BUNDLE_IDENTIFIER = novikovandrey2000.Auth;
				PRODUCT_NAME = "$(TARGET_NAME:c99extidentifier)";
				SKIP_INSTALL = YES;
				SUPPORTS_MACCATALYST = NO;
				SWIFT_EMIT_LOC_STRINGS = YES;
				SWIFT_VERSION = 5.0;
				TARGETED_DEVICE_FAMILY = 1;
			};
			name = Release;
		};
		9979D676289BC7B9008BD172 /* Debug */ = {
			isa = XCBuildConfiguration;
			buildSettings = {
				ALWAYS_EMBED_SWIFT_STANDARD_LIBRARIES = YES;
				CODE_SIGN_STYLE = Automatic;
				CURRENT_PROJECT_VERSION = 1;
				DEVELOPMENT_TEAM = C7L2AL6Q55;
				GENERATE_INFOPLIST_FILE = YES;
				MARKETING_VERSION = 1.0;
				PRODUCT_BUNDLE_IDENTIFIER = novikovandrey2000.AuthTests;
				PRODUCT_NAME = "$(TARGET_NAME)";
				SWIFT_EMIT_LOC_STRINGS = NO;
				SWIFT_VERSION = 5.0;
				TARGETED_DEVICE_FAMILY = "1,2";
			};
			name = Debug;
		};
		9979D677289BC7B9008BD172 /* Release */ = {
			isa = XCBuildConfiguration;
			buildSettings = {
				ALWAYS_EMBED_SWIFT_STANDARD_LIBRARIES = YES;
				CODE_SIGN_STYLE = Automatic;
				CURRENT_PROJECT_VERSION = 1;
				DEVELOPMENT_TEAM = C7L2AL6Q55;
				GENERATE_INFOPLIST_FILE = YES;
				MARKETING_VERSION = 1.0;
				PRODUCT_BUNDLE_IDENTIFIER = novikovandrey2000.AuthTests;
				PRODUCT_NAME = "$(TARGET_NAME)";
				SWIFT_EMIT_LOC_STRINGS = NO;
				SWIFT_VERSION = 5.0;
				TARGETED_DEVICE_FAMILY = "1,2";
			};
			name = Release;
		};
/* End XCBuildConfiguration section */

/* Begin XCConfigurationList section */
		9979D658289BC7B9008BD172 /* Build configuration list for PBXProject "Auth" */ = {
			isa = XCConfigurationList;
			buildConfigurations = (
				9979D670289BC7B9008BD172 /* Debug */,
				9979D671289BC7B9008BD172 /* Release */,
			);
			defaultConfigurationIsVisible = 0;
			defaultConfigurationName = Release;
		};
		9979D672289BC7B9008BD172 /* Build configuration list for PBXNativeTarget "Auth" */ = {
			isa = XCConfigurationList;
			buildConfigurations = (
				9979D673289BC7B9008BD172 /* Debug */,
				9979D674289BC7B9008BD172 /* Release */,
			);
			defaultConfigurationIsVisible = 0;
			defaultConfigurationName = Release;
		};
		9979D675289BC7B9008BD172 /* Build configuration list for PBXNativeTarget "AuthTests" */ = {
			isa = XCConfigurationList;
			buildConfigurations = (
				9979D676289BC7B9008BD172 /* Debug */,
				9979D677289BC7B9008BD172 /* Release */,
			);
			defaultConfigurationIsVisible = 0;
			defaultConfigurationName = Release;
		};
/* End XCConfigurationList section */
	};
	rootObject = 9979D655289BC7B9008BD172 /* Project object */;
}
